{
  "name": "randomskjs1",
  "version": "1.0.0",
  "lockfileVersion": 3,
  "requires": true,
  "packages": {
    "": {
      "name": "randomskjs1",
      "version": "1.0.0",
      "license": "ISC",
      "dependencies": {
        "randomskjs1": "^1.0.0"
      }
    },
    "node_modules/randomskjs1": {
      "version": "1.0.0",
      "resolved": "https://registry.npmjs.org/randomskjs1/-/randomskjs1-1.0.0.tgz",
      "integrity": "sha512-roiZh1JX1BQB47WwPDRtsRA0hsJAt24ILQOMfyCAyJ8r45BciUfMBOKrcclOE06sYPdTKM3EeBuuZKTOgdcwOA=="
    }
  }
}
